{
  "version": 4,
  "terraform_version": "1.2.6",
  "serial": 3,
  "lineage": "11dec232-0e08-a768-2390-94ec511cb80d",
  "outputs": {},
  "resources": [
    {
      "mode": "data",
      "type": "aws_rds_cluster",
      "name": "existing_cluster",
      "provider": "provider[\"registry.terraform.io/hashicorp/aws\"]",
      "instances": [
        {
          "schema_version": 0,
          "attributes": {
            "arn": "arn:aws:rds:us-east-1:539241404442:cluster:production-edge-migration-for-uat-cluster-cluster",
            "availability_zones": [
              "us-east-1c",
              "us-east-1e",
              "us-east-1f"
            ],
            "backtrack_window": 0,
            "backup_retention_period": 35,
            "cluster_identifier": "production-edge-migration-for-uat-cluster-cluster",
            "cluster_members": [
              "production-edge-migration-for-uat-cluster"
            ],
            "cluster_resource_id": "cluster-TWWA5DD3PK5GXBXGJ7AQA5EYRM",
            "database_name": "edge_prod",
            "db_cluster_parameter_group_name": "custom-aurora-test-parameter-group",
            "db_subnet_group_name": "default-vpc-091c257db49e96af9",
            "db_system_id": "",
            "enabled_cloudwatch_logs_exports": [],
            "endpoint": "production-edge-migration-for-uat-cluster-cluster.cluster-cfi4vw4xg8bt.us-east-1.rds.amazonaws.com",
            "engine": "aurora-mysql",
            "engine_mode": "provisioned",
            "engine_version": "5.7.mysql_aurora.2.11.2",
            "final_snapshot_identifier": null,
            "hosted_zone_id": "Z2R2ITUGPM61AM",
            "iam_database_authentication_enabled": false,
            "iam_roles": [],
            "id": "production-edge-migration-for-uat-cluster-cluster",
            "kms_key_id": "arn:aws:kms:us-east-1:539241404442:key/b8135709-0bf4-4f65-afd5-10ca9810f5da",
            "master_user_secret": null,
            "master_username": "admin_edge",
            "network_type": "IPV4",
            "port": 3306,
            "preferred_backup_window": "10:30-11:00",
            "preferred_maintenance_window": "fri:09:19-fri:09:49",
            "reader_endpoint": "production-edge-migration-for-uat-cluster-cluster.cluster-ro-cfi4vw4xg8bt.us-east-1.rds.amazonaws.com",
            "replication_source_identifier": "",
            "storage_encrypted": true,
            "tags": {},
            "vpc_security_group_ids": [
              "sg-093c105693c837a00",
              "sg-0c6e34da3c79e8850"
            ]
          },
          "sensitive_attributes": []
        }
      ]
    },
    {
      "mode": "managed",
      "type": "aws_rds_cluster",
      "name": "clone_cluster",
      "provider": "provider[\"registry.terraform.io/hashicorp/aws\"]",
      "instances": [
        {
          "schema_version": 1,
          "attributes": {
            "allocated_storage": 1,
            "allow_major_version_upgrade": null,
            "apply_immediately": true,
            "arn": "arn:aws:rds:us-east-1:539241404442:cluster:clone-cluster-identifier",
            "availability_zones": [
              "us-east-1c",
              "us-east-1d",
              "us-east-1e"
            ],
            "backtrack_window": 0,
            "backup_retention_period": 1,
            "cluster_identifier": "clone-cluster-identifier",
            "cluster_identifier_prefix": "",
            "cluster_members": [],
            "cluster_resource_id": "cluster-U3EQTQOA6DEE6KJTM5CG6RZL5Y",
            "copy_tags_to_snapshot": false,
            "database_name": "edge_prod",
            "db_cluster_instance_class": "",
            "db_cluster_parameter_group_name": "default.aurora-mysql5.7",
            "db_instance_parameter_group_name": null,
            "db_subnet_group_name": "default-vpc-091c257db49e96af9",
            "db_system_id": "",
            "delete_automated_backups": true,
            "deletion_protection": false,
            "enable_global_write_forwarding": false,
            "enable_http_endpoint": false,
            "enabled_cloudwatch_logs_exports": null,
            "endpoint": "clone-cluster-identifier.cluster-cfi4vw4xg8bt.us-east-1.rds.amazonaws.com",
            "engine": "aurora-mysql",
            "engine_mode": "provisioned",
            "engine_version": "5.7.mysql_aurora.2.11.2",
            "engine_version_actual": "5.7.mysql_aurora.2.11.2",
            "final_snapshot_identifier": null,
            "global_cluster_identifier": "",
            "hosted_zone_id": "Z2R2ITUGPM61AM",
            "iam_database_authentication_enabled": false,
            "iam_roles": [],
            "id": "clone-cluster-identifier",
            "iops": 0,
            "kms_key_id": "",
            "manage_master_user_password": null,
            "master_password": "admin123",
            "master_user_secret": [],
            "master_user_secret_kms_key_id": null,
            "master_username": "admin_edge",
            "network_type": "IPV4",
            "port": 3306,
            "preferred_backup_window": "04:10-04:40",
            "preferred_maintenance_window": "tue:04:49-tue:05:19",
            "reader_endpoint": "clone-cluster-identifier.cluster-ro-cfi4vw4xg8bt.us-east-1.rds.amazonaws.com",
            "replication_source_identifier": "",
            "restore_to_point_in_time": [],
            "s3_import": [],
            "scaling_configuration": [],
            "serverlessv2_scaling_configuration": [],
            "skip_final_snapshot": true,
            "snapshot_identifier": null,
            "source_region": null,
            "storage_encrypted": false,
            "storage_type": "",
            "tags": null,
            "tags_all": {},
            "timeouts": null,
            "vpc_security_group_ids": [
              "sg-093c105693c837a00",
              "sg-0c6e34da3c79e8850"
            ]
          },
          "sensitive_attributes": [],
          "private": "eyJlMmJmYjczMC1lY2FhLTExZTYtOGY4OC0zNDM2M2JjN2M0YzAiOnsiY3JlYXRlIjo3MjAwMDAwMDAwMDAwLCJkZWxldGUiOjcyMDAwMDAwMDAwMDAsInVwZGF0ZSI6NzIwMDAwMDAwMDAwMH0sInNjaGVtYV92ZXJzaW9uIjoiMSJ9",
          "dependencies": [
            "data.aws_rds_cluster.existing_cluster"
          ]
        }
      ]
    },
    {
      "mode": "managed",
      "type": "aws_rds_cluster_instance",
      "name": "clone_instance1",
      "provider": "provider[\"registry.terraform.io/hashicorp/aws\"]",
      "instances": [
        {
          "schema_version": 0,
          "attributes": {
            "apply_immediately": null,
            "arn": "arn:aws:rds:us-east-1:539241404442:db:clone-instance-1",
            "auto_minor_version_upgrade": true,
            "availability_zone": "us-east-1c",
            "ca_cert_identifier": "rds-ca-rsa2048-g1",
            "cluster_identifier": "clone-cluster-identifier",
            "copy_tags_to_snapshot": false,
            "custom_iam_instance_profile": "",
            "db_parameter_group_name": "default.aurora-mysql5.7",
            "db_subnet_group_name": "default-vpc-091c257db49e96af9",
            "dbi_resource_id": "db-TS4ASTWQ5KXXCJ5SRPKPSJNQHM",
            "endpoint": "clone-instance-1.cfi4vw4xg8bt.us-east-1.rds.amazonaws.com",
            "engine": "aurora-mysql",
            "engine_version": "5.7.mysql_aurora.2.11.2",
            "engine_version_actual": "5.7.mysql_aurora.2.11.2",
            "id": "clone-instance-1",
            "identifier": "clone-instance-1",
            "identifier_prefix": "",
            "instance_class": "db.r5.large",
            "kms_key_id": "",
            "monitoring_interval": 0,
            "monitoring_role_arn": "",
            "network_type": "IPV4",
            "performance_insights_enabled": false,
            "performance_insights_kms_key_id": "",
            "performance_insights_retention_period": 0,
            "port": 3306,
            "preferred_backup_window": "04:10-04:40",
            "preferred_maintenance_window": "wed:06:23-wed:06:53",
            "promotion_tier": 0,
            "publicly_accessible": true,
            "storage_encrypted": false,
            "tags": null,
            "tags_all": {},
            "timeouts": null,
            "writer": true
          },
          "sensitive_attributes": [],
          "private": "eyJlMmJmYjczMC1lY2FhLTExZTYtOGY4OC0zNDM2M2JjN2M0YzAiOnsiY3JlYXRlIjo1NDAwMDAwMDAwMDAwLCJkZWxldGUiOjU0MDAwMDAwMDAwMDAsInVwZGF0ZSI6NTQwMDAwMDAwMDAwMH19",
          "dependencies": [
            "aws_rds_cluster.clone_cluster",
            "data.aws_rds_cluster.existing_cluster"
          ]
        }
      ]
    }
  ]
}
